
Microsoft Visual Studio Solution File, Format Version 12.00
# Visual Studio Version 17
VisualStudioVersion = 17.4.33103.184
MinimumVisualStudioVersion = 10.0.40219.1
Project("{FAE04EC0-301F-11D3-BF4B-00C04F79EFBC}") = "NewTestWindowsFormTwo", "NewTestWindowsFormTwo.csproj", "{5F695C6B-0ED6-40C4-9715-37372C3B8E66}"
EndProject
Global
	GlobalSection(SolutionConfigurationPlatforms) = preSolution
		Debug|Any CPU = Debug|Any CPU
		Release|Any CPU = Release|Any CPU
	EndGlobalSection
	GlobalSection(ProjectConfigurationPlatforms) = postSolution
		{5F695C6B-0ED6-40C4-9715-37372C3B8E66}.Debug|Any CPU.ActiveCfg = Debug|Any CPU
		{5F695C6B-0ED6-40C4-9715-37372C3B8E66}.Debug|Any CPU.Build.0 = Debug|Any CPU
		{5F695C6B-0ED6-40C4-9715-37372C3B8E66}.Release|Any CPU.ActiveCfg = Release|Any CPU
		{5F695C6B-0ED6-40C4-9715-37372C3B8E66}.Release|Any CPU.Build.0 = Release|Any CPU
	EndGlobalSection
	GlobalSection(SolutionProperties) = preSolution
		HideSolutionNode = FALSE
	EndGlobalSection
	GlobalSection(ExtensibilityGlobals) = postSolution
		SolutionGuid = {3D450967-DE4B-4ADA-A260-DFAD5DF7C3C5}
	EndGlobalSection
EndGlobal
